github.com/golang/gddo v0.0.0-20190419222130-af0f2af80721 h1:KRMr9A3qfbVM7iV/WcLY/rL5LICqwMHLhwRXKu99fXw=
github.com/golang/gddo v0.0.0-20190419222130-af0f2af80721/go.mod h1:xEhNfoBDX1hzLm2Nf80qUvZ2sVwoMZ8d6IE2SrsQfh4=
github.com/gorilla/mux v1.7.3 h1:gnP5JzjVOuiZD07fKKToCAOjS0yOpj/qPETTXCCS6hw=
github.com/gorilla/mux v1.7.3/go.mod h1:1lud6UwP+6orDFRuTfBEV8e9/aOM/c4fVVCaMa2zaAs=
github.com/lpar/gzipped v1.1.0 h1:FEQnBzF06KTMh8Wnse6wNJvGwe7+vILQIFzuTq6ipGs=
github.com/lpar/gzipped v1.1.0/go.mod h1:JBo67wiCld7AmFYfSNA75NmFG65roJiGwrVohF8uYGE=
github.com/oswee/oswee v0.0.0-20190811123413-540f87d58905 h1:WTQ472y8wx2FjQYyg8yWl8tD8en1CnfejtxFymzlkR8=
github.com/oswee/oswee v0.0.0-20190811123413-540f87d58905/go.mod h1:9W0ek0my4YeAa9LcNBmAyW1fAdzCXDfHzGMlkWjSYJs=
go.uber.org/atomic v1.4.0 h1:cxzIVoETapQEqDhQu3QfnvXAV4AlzcvUCxkVUFw3+EU=
go.uber.org/atomic v1.4.0/go.mod h1:gD2HeocX3+yG+ygLZcrzQJaqmWj9AIm7n08wl/qW/PE=
go.uber.org/multierr v1.1.0 h1:HoEmRHQPVSqub6w2z2d2EOVs2fjyFRGyofhKuyDq0QI=
go.uber.org/multierr v1.1.0/go.mod h1:wR5kodmAFQ0UK8QlbwjlSNy0Z68gJhDJUG5sjR94q/0=
go.uber.org/zap v1.10.0 h1:ORx85nbTijNz8ljznvCMR1ZBIPKFn3jQrag10X2AsuM=
go.uber.org/zap v1.10.0/go.mod h1:vwi/ZaCAaUcBkycHslxD9B2zi4UTXhF60s6SWpuDF0Q=
